
Microsoft Visual Studio Solution File, Format Version 12.00
# Visual Studio Version 18
VisualStudioVersion = 18.0.11222.15
MinimumVisualStudioVersion = 10.0.40219.1
Project("{FAE04EC0-301F-11D3-BF4B-00C04F79EFBC}") = "Ocular", "Ocular.csproj", "{0B52B63D-3319-BFE4-2DBA-AD875DD23F29}"
EndProject
Global
	GlobalSection(SolutionConfigurationPlatforms) = preSolution
		Debug|Any CPU = Debug|Any CPU
		Release|Any CPU = Release|Any CPU
	EndGlobalSection
	GlobalSection(ProjectConfigurationPlatforms) = postSolution
		{0B52B63D-3319-BFE4-2DBA-AD875DD23F29}.Debug|Any CPU.ActiveCfg = Debug|Any CPU
		{0B52B63D-3319-BFE4-2DBA-AD875DD23F29}.Debug|Any CPU.Build.0 = Debug|Any CPU
		{0B52B63D-3319-BFE4-2DBA-AD875DD23F29}.Release|Any CPU.ActiveCfg = Release|Any CPU
		{0B52B63D-3319-BFE4-2DBA-AD875DD23F29}.Release|Any CPU.Build.0 = Release|Any CPU
	EndGlobalSection
	GlobalSection(SolutionProperties) = preSolution
		HideSolutionNode = FALSE
	EndGlobalSection
	GlobalSection(ExtensibilityGlobals) = postSolution
		SolutionGuid = {134FB607-C23F-4E50-9C4D-6CBD0337CE4D}
	EndGlobalSection
EndGlobal
