
Microsoft Visual Studio Solution File, Format Version 12.00
# Visual Studio Version 18
VisualStudioVersion = 18.0.11222.15 d18.0
MinimumVisualStudioVersion = 10.0.40219.1
Project("{FAE04EC0-301F-11D3-BF4B-00C04F79EFBC}") = "VGP133 Final Assignment", "VGP133 Final Assignment.csproj", "{AA824E7F-373C-D5F4-7714-2C26F98FEAC8}"
EndProject
Global
	GlobalSection(SolutionConfigurationPlatforms) = preSolution
		Debug|Any CPU = Debug|Any CPU
		Release|Any CPU = Release|Any CPU
	EndGlobalSection
	GlobalSection(ProjectConfigurationPlatforms) = postSolution
		{AA824E7F-373C-D5F4-7714-2C26F98FEAC8}.Debug|Any CPU.ActiveCfg = Debug|Any CPU
		{AA824E7F-373C-D5F4-7714-2C26F98FEAC8}.Debug|Any CPU.Build.0 = Debug|Any CPU
		{AA824E7F-373C-D5F4-7714-2C26F98FEAC8}.Release|Any CPU.ActiveCfg = Release|Any CPU
		{AA824E7F-373C-D5F4-7714-2C26F98FEAC8}.Release|Any CPU.Build.0 = Release|Any CPU
	EndGlobalSection
	GlobalSection(SolutionProperties) = preSolution
		HideSolutionNode = FALSE
	EndGlobalSection
	GlobalSection(ExtensibilityGlobals) = postSolution
		SolutionGuid = {134FB607-C23F-4E50-9C4D-6CBD0337CE4D}
	EndGlobalSection
EndGlobal
